// !$*UTF8*$!
{
	archiveVersion = 1;
	classes = {
	};
	objectVersion = 46;
	objects = {

/* Begin PBXBuildFile section */
		7F5AADBD1EA80C7800AF5E2F /* AddEmployeeViewController.m in Sources */ = {isa = PBXBuildFile; fileRef = 7F5AADBC1EA80C7800AF5E2F /* AddEmployeeViewController.m */; };
		7FB3A1021EA55D610011BB65 /* main.m in Sources */ = {isa = PBXBuildFile; fileRef = 7FB3A1011EA55D610011BB65 /* main.m */; };
		7FB3A1051EA55D610011BB65 /* AppDelegate.m in Sources */ = {isa = PBXBuildFile; fileRef = 7FB3A1041EA55D610011BB65 /* AppDelegate.m */; };
		7FB3A1081EA55D610011BB65 /* ViewController.m in Sources */ = {isa = PBXBuildFile; fileRef = 7FB3A1071EA55D610011BB65 /* ViewController.m */; };
		7FB3A10B1EA55D610011BB65 /* Main.storyboard in Resources */ = {isa = PBXBuildFile; fileRef = 7FB3A1091EA55D610011BB65 /* Main.storyboard */; };
		7FB3A10D1EA55D610011BB65 /* Assets.xcassets in Resources */ = {isa = PBXBuildFile; fileRef = 7FB3A10C1EA55D610011BB65 /* Assets.xcassets */; };
		7FB3A1101EA55D610011BB65 /* LaunchScreen.storyboard in Resources */ = {isa = PBXBuildFile; fileRef = 7FB3A10E1EA55D610011BB65 /* LaunchScreen.storyboard */; };
		7FB3A1191EA55F760011BB65 /* NSString+SelfStringArray.m in Sources */ = {isa = PBXBuildFile; fileRef = 7FB3A1181EA55F760011BB65 /* NSString+SelfStringArray.m */; };
		7FB3A11C1EA58A080011BB65 /* Person.m in Sources */ = {isa = PBXBuildFile; fileRef = 7FB3A11B1EA58A080011BB65 /* Person.m */; settings = {COMPILER_FLAGS = "-fno-objc-arc"; }; };
		7FB3A11F1EA592000011BB65 /* Employee.m in Sources */ = {isa = PBXBuildFile; fileRef = 7FB3A11E1EA592000011BB65 /* Employee.m */; settings = {COMPILER_FLAGS = "-fno-objc-arc"; }; };
		7FB3A1231EA687680011BB65 /* EmployeeDatabase.m in Sources */ = {isa = PBXBuildFile; fileRef = 7FB3A1221EA687680011BB65 /* EmployeeDatabase.m */; };
		7FB3A1291EA6C00D0011BB65 /* TableViewController.m in Sources */ = {isa = PBXBuildFile; fileRef = 7FB3A1281EA6C00D0011BB65 /* TableViewController.m */; };
/* End PBXBuildFile section */

/* Begin PBXFileReference section */
		7F5AADBB1EA80C7800AF5E2F /* AddEmployeeViewController.h */ = {isa = PBXFileReference; fileEncoding = 4; lastKnownFileType = sourcecode.c.h; path = AddEmployeeViewController.h; sourceTree = "<group>"; };
		7F5AADBC1EA80C7800AF5E2F /* AddEmployeeViewController.m */ = {isa = PBXFileReference; fileEncoding = 4; lastKnownFileType = sourcecode.c.objc; path = AddEmployeeViewController.m; sourceTree = "<group>"; };
		7FB3A0FD1EA55D610011BB65 /* Week-6-Lab.app */ = {isa = PBXFileReference; explicitFileType = wrapper.application; includeInIndex = 0; path = "Week-6-Lab.app"; sourceTree = BUILT_PRODUCTS_DIR; };
		7FB3A1011EA55D610011BB65 /* main.m */ = {isa = PBXFileReference; lastKnownFileType = sourcecode.c.objc; path = main.m; sourceTree = "<group>"; };
		7FB3A1031EA55D610011BB65 /* AppDelegate.h */ = {isa = PBXFileReference; lastKnownFileType = sourcecode.c.h; path = AppDelegate.h; sourceTree = "<group>"; };
		7FB3A1041EA55D610011BB65 /* AppDelegate.m */ = {isa = PBXFileReference; lastKnownFileType = sourcecode.c.objc; path = AppDelegate.m; sourceTree = "<group>"; };
		7FB3A1061EA55D610011BB65 /* ViewController.h */ = {isa = PBXFileReference; lastKnownFileType = sourcecode.c.h; path = ViewController.h; sourceTree = "<group>"; };
		7FB3A1071EA55D610011BB65 /* ViewController.m */ = {isa = PBXFileReference; lastKnownFileType = sourcecode.c.objc; path = ViewController.m; sourceTree = "<group>"; };
		7FB3A10A1EA55D610011BB65 /* Base */ = {isa = PBXFileReference; lastKnownFileType = file.storyboard; name = Base; path = Base.lproj/Main.storyboard; sourceTree = "<group>"; };
		7FB3A10C1EA55D610011BB65 /* Assets.xcassets */ = {isa = PBXFileReference; lastKnownFileType = folder.assetcatalog; path = Assets.xcassets; sourceTree = "<group>"; };
		7FB3A10F1EA55D610011BB65 /* Base */ = {isa = PBXFileReference; lastKnownFileType = file.storyboard; name = Base; path = Base.lproj/LaunchScreen.storyboard; sourceTree = "<group>"; };
		7FB3A1111EA55D610011BB65 /* Info.plist */ = {isa = PBXFileReference; lastKnownFileType = text.plist.xml; path = Info.plist; sourceTree = "<group>"; };
		7FB3A1171EA55F760011BB65 /* NSString+SelfStringArray.h */ = {isa = PBXFileReference; fileEncoding = 4; lastKnownFileType = sourcecode.c.h; path = "NSString+SelfStringArray.h"; sourceTree = "<group>"; };
		7FB3A1181EA55F760011BB65 /* NSString+SelfStringArray.m */ = {isa = PBXFileReference; fileEncoding = 4; lastKnownFileType = sourcecode.c.objc; path = "NSString+SelfStringArray.m"; sourceTree = "<group>"; };
		7FB3A11A1EA58A080011BB65 /* Person.h */ = {isa = PBXFileReference; fileEncoding = 4; lastKnownFileType = sourcecode.c.h; path = Person.h; sourceTree = "<group>"; };
		7FB3A11B1EA58A080011BB65 /* Person.m */ = {isa = PBXFileReference; fileEncoding = 4; lastKnownFileType = sourcecode.c.objc; path = Person.m; sourceTree = "<group>"; };
		7FB3A11D1EA592000011BB65 /* Employee.h */ = {isa = PBXFileReference; fileEncoding = 4; lastKnownFileType = sourcecode.c.h; path = Employee.h; sourceTree = "<group>"; };
		7FB3A11E1EA592000011BB65 /* Employee.m */ = {isa = PBXFileReference; fileEncoding = 4; lastKnownFileType = sourcecode.c.objc; path = Employee.m; sourceTree = "<group>"; };
		7FB3A1201EA667470011BB65 /* PersonQueue.h */ = {isa = PBXFileReference; fileEncoding = 4; lastKnownFileType = sourcecode.c.h; path = PersonQueue.h; sourceTree = "<group>"; };
		7FB3A1211EA687680011BB65 /* EmployeeDatabase.h */ = {isa = PBXFileReference; fileEncoding = 4; lastKnownFileType = sourcecode.c.h; path = EmployeeDatabase.h; sourceTree = "<group>"; };
		7FB3A1221EA687680011BB65 /* EmployeeDatabase.m */ = {isa = PBXFileReference; fileEncoding = 4; lastKnownFileType = sourcecode.c.objc; path = EmployeeDatabase.m; sourceTree = "<group>"; };
		7FB3A1271EA6C00D0011BB65 /* TableViewController.h */ = {isa = PBXFileReference; fileEncoding = 4; lastKnownFileType = sourcecode.c.h; path = TableViewController.h; sourceTree = "<group>"; };
		7FB3A1281EA6C00D0011BB65 /* TableViewController.m */ = {isa = PBXFileReference; fileEncoding = 4; lastKnownFileType = sourcecode.c.objc; path = TableViewController.m; sourceTree = "<group>"; };
/* End PBXFileReference section */

/* Begin PBXFrameworksBuildPhase section */
		7FB3A0FA1EA55D610011BB65 /* Frameworks */ = {
			isa = PBXFrameworksBuildPhase;
			buildActionMask = 2147483647;
			files = (
			);
			runOnlyForDeploymentPostprocessing = 0;
		};
/* End PBXFrameworksBuildPhase section */

/* Begin PBXGroup section */
		7FB3A0F41EA55D610011BB65 = {
			isa = PBXGroup;
			children = (
				7FB3A0FF1EA55D610011BB65 /* Week-6-Lab */,
				7FB3A0FE1EA55D610011BB65 /* Products */,
			);
			sourceTree = "<group>";
		};
		7FB3A0FE1EA55D610011BB65 /* Products */ = {
			isa = PBXGroup;
			children = (
				7FB3A0FD1EA55D610011BB65 /* Week-6-Lab.app */,
			);
			name = Products;
			sourceTree = "<group>";
		};
		7FB3A0FF1EA55D610011BB65 /* Week-6-Lab */ = {
			isa = PBXGroup;
			children = (
				7FB3A1241EA687800011BB65 /* Models */,
				7FB3A1251EA687910011BB65 /* Views */,
				7FB3A1261EA6879A0011BB65 /* Controllers */,
				7FB3A10C1EA55D610011BB65 /* Assets.xcassets */,
				7FB3A1111EA55D610011BB65 /* Info.plist */,
				7FB3A1001EA55D610011BB65 /* Supporting Files */,
			);
			path = "Week-6-Lab";
			sourceTree = "<group>";
		};
		7FB3A1001EA55D610011BB65 /* Supporting Files */ = {
			isa = PBXGroup;
			children = (
				7FB3A1011EA55D610011BB65 /* main.m */,
			);
			name = "Supporting Files";
			sourceTree = "<group>";
		};
		7FB3A1241EA687800011BB65 /* Models */ = {
			isa = PBXGroup;
			children = (
				7FB3A11A1EA58A080011BB65 /* Person.h */,
				7FB3A11B1EA58A080011BB65 /* Person.m */,
				7FB3A11D1EA592000011BB65 /* Employee.h */,
				7FB3A11E1EA592000011BB65 /* Employee.m */,
				7FB3A1211EA687680011BB65 /* EmployeeDatabase.h */,
				7FB3A1221EA687680011BB65 /* EmployeeDatabase.m */,
				7FB3A1171EA55F760011BB65 /* NSString+SelfStringArray.h */,
				7FB3A1181EA55F760011BB65 /* NSString+SelfStringArray.m */,
				7FB3A1201EA667470011BB65 /* PersonQueue.h */,
			);
			name = Models;
			sourceTree = "<group>";
		};
		7FB3A1251EA687910011BB65 /* Views */ = {
			isa = PBXGroup;
			children = (
				7FB3A1091EA55D610011BB65 /* Main.storyboard */,
				7FB3A10E1EA55D610011BB65 /* LaunchScreen.storyboard */,
			);
			name = Views;
			sourceTree = "<group>";
		};
		7FB3A1261EA6879A0011BB65 /* Controllers */ = {
			isa = PBXGroup;
			children = (
				7F5AADBB1EA80C7800AF5E2F /* AddEmployeeViewController.h */,
				7F5AADBC1EA80C7800AF5E2F /* AddEmployeeViewController.m */,
				7FB3A1271EA6C00D0011BB65 /* TableViewController.h */,
				7FB3A1281EA6C00D0011BB65 /* TableViewController.m */,
				7FB3A1061EA55D610011BB65 /* ViewController.h */,
				7FB3A1071EA55D610011BB65 /* ViewController.m */,
				7FB3A1031EA55D610011BB65 /* AppDelegate.h */,
				7FB3A1041EA55D610011BB65 /* AppDelegate.m */,
			);
			name = Controllers;
			sourceTree = "<group>";
		};
/* End PBXGroup section */

/* Begin PBXNativeTarget section */
		7FB3A0FC1EA55D610011BB65 /* Week-6-Lab */ = {
			isa = PBXNativeTarget;
			buildConfigurationList = 7FB3A1141EA55D610011BB65 /* Build configuration list for PBXNativeTarget "Week-6-Lab" */;
			buildPhases = (
				7FB3A0F91EA55D610011BB65 /* Sources */,
				7FB3A0FA1EA55D610011BB65 /* Frameworks */,
				7FB3A0FB1EA55D610011BB65 /* Resources */,
			);
			buildRules = (
			);
			dependencies = (
			);
			name = "Week-6-Lab";
			productName = "Week-6-Lab";
			productReference = 7FB3A0FD1EA55D610011BB65 /* Week-6-Lab.app */;
			productType = "com.apple.product-type.application";
		};
/* End PBXNativeTarget section */

/* Begin PBXProject section */
		7FB3A0F51EA55D610011BB65 /* Project object */ = {
			isa = PBXProject;
			attributes = {
				LastUpgradeCheck = 0830;
				ORGANIZATIONNAME = "A Cahn";
				TargetAttributes = {
					7FB3A0FC1EA55D610011BB65 = {
						CreatedOnToolsVersion = 8.3;
						DevelopmentTeam = 2E5N5854VJ;
						ProvisioningStyle = Automatic;
					};
				};
			};
			buildConfigurationList = 7FB3A0F81EA55D610011BB65 /* Build configuration list for PBXProject "Week-6-Lab" */;
			compatibilityVersion = "Xcode 3.2";
			developmentRegion = English;
			hasScannedForEncodings = 0;
			knownRegions = (
				en,
				Base,
			);
			mainGroup = 7FB3A0F41EA55D610011BB65;
			productRefGroup = 7FB3A0FE1EA55D610011BB65 /* Products */;
			projectDirPath = "";
			projectRoot = "";
			targets = (
				7FB3A0FC1EA55D610011BB65 /* Week-6-Lab */,
			);
		};
/* End PBXProject section */

/* Begin PBXResourcesBuildPhase section */
		7FB3A0FB1EA55D610011BB65 /* Resources */ = {
			isa = PBXResourcesBuildPhase;
			buildActionMask = 2147483647;
			files = (
				7FB3A1101EA55D610011BB65 /* LaunchScreen.storyboard in Resources */,
				7FB3A10D1EA55D610011BB65 /* Assets.xcassets in Resources */,
				7FB3A10B1EA55D610011BB65 /* Main.storyboard in Resources */,
			);
			runOnlyForDeploymentPostprocessing = 0;
		};
/* End PBXResourcesBuildPhase section */

/* Begin PBXSourcesBuildPhase section */
		7FB3A0F91EA55D610011BB65 /* Sources */ = {
			isa = PBXSourcesBuildPhase;
			buildActionMask = 2147483647;
			files = (
				7FB3A1191EA55F760011BB65 /* NSString+SelfStringArray.m in Sources */,
				7FB3A1081EA55D610011BB65 /* ViewController.m in Sources */,
				7FB3A11C1EA58A080011BB65 /* Person.m in Sources */,
				7FB3A11F1EA592000011BB65 /* Employee.m in Sources */,
				7FB3A1051EA55D610011BB65 /* AppDelegate.m in Sources */,
				7FB3A1021EA55D610011BB65 /* main.m in Sources */,
				7FB3A1231EA687680011BB65 /* EmployeeDatabase.m in Sources */,
				7FB3A1291EA6C00D0011BB65 /* TableViewController.m in Sources */,
				7F5AADBD1EA80C7800AF5E2F /* AddEmployeeViewController.m in Sources */,
			);
			runOnlyForDeploymentPostprocessing = 0;
		};
/* End PBXSourcesBuildPhase section */

/* Begin PBXVariantGroup section */
		7FB3A1091EA55D610011BB65 /* Main.storyboard */ = {
			isa = PBXVariantGroup;
			children = (
				7FB3A10A1EA55D610011BB65 /* Base */,
			);
			name = Main.storyboard;
			sourceTree = "<group>";
		};
		7FB3A10E1EA55D610011BB65 /* LaunchScreen.storyboard */ = {
			isa = PBXVariantGroup;
			children = (
				7FB3A10F1EA55D610011BB65 /* Base */,
			);
			name = LaunchScreen.storyboard;
			sourceTree = "<group>";
		};
/* End PBXVariantGroup section */

/* Begin XCBuildConfiguration section */
		7FB3A1121EA55D610011BB65 /* Debug */ = {
			isa = XCBuildConfiguration;
			buildSettings = {
				ALWAYS_SEARCH_USER_PATHS = NO;
				CLANG_ANALYZER_NONNULL = YES;
				CLANG_ANALYZER_NUMBER_OBJECT_CONVERSION = YES_AGGRESSIVE;
				CLANG_CXX_LANGUAGE_STANDARD = "gnu++0x";
				CLANG_CXX_LIBRARY = "libc++";
				CLANG_ENABLE_MODULES = YES;
				CLANG_ENABLE_OBJC_ARC = YES;
				CLANG_WARN_BOOL_CONVERSION = YES;
				CLANG_WARN_CONSTANT_CONVERSION = YES;
				CLANG_WARN_DIRECT_OBJC_ISA_USAGE = YES_ERROR;
				CLANG_WARN_DOCUMENTATION_COMMENTS = YES;
				CLANG_WARN_EMPTY_BODY = YES;
				CLANG_WARN_ENUM_CONVERSION = YES;
				CLANG_WARN_INFINITE_RECURSION = YES;
				CLANG_WARN_INT_CONVERSION = YES;
				CLANG_WARN_OBJC_ROOT_CLASS = YES_ERROR;
				CLANG_WARN_SUSPICIOUS_MOVE = YES;
				CLANG_WARN_UNREACHABLE_CODE = YES;
				CLANG_WARN__DUPLICATE_METHOD_MATCH = YES;
				"CODE_SIGN_IDENTITY[sdk=iphoneos*]" = "iPhone Developer";
				COPY_PHASE_STRIP = NO;
				DEBUG_INFORMATION_FORMAT = dwarf;
				ENABLE_STRICT_OBJC_MSGSEND = YES;
				ENABLE_TESTABILITY = YES;
				GCC_C_LANGUAGE_STANDARD = gnu99;
				GCC_DYNAMIC_NO_PIC = NO;
				GCC_NO_COMMON_BLOCKS = YES;
				GCC_OPTIMIZATION_LEVEL = 0;
				GCC_PREPROCESSOR_DEFINITIONS = (
					"DEBUG=1",
					"$(inherited)",
				);
				GCC_WARN_64_TO_32_BIT_CONVERSION = YES;
				GCC_WARN_ABOUT_RETURN_TYPE = YES_ERROR;
				GCC_WARN_UNDECLARED_SELECTOR = YES;
				GCC_WARN_UNINITIALIZED_AUTOS = YES_AGGRESSIVE;
				GCC_WARN_UNUSED_FUNCTION = YES;
				GCC_WARN_UNUSED_VARIABLE = YES;
				IPHONEOS_DEPLOYMENT_TARGET = 10.3;
				MTL_ENABLE_DEBUG_INFO = YES;
				ONLY_ACTIVE_ARCH = YES;
				SDKROOT = iphoneos;
				TARGETED_DEVICE_FAMILY = "1,2";
			};
			name = Debug;
		};
		7FB3A1131EA55D610011BB65 /* Release */ = {
			isa = XCBuildConfiguration;
			buildSettings = {
				ALWAYS_SEARCH_USER_PATHS = NO;
				CLANG_ANALYZER_NONNULL = YES;
				CLANG_ANALYZER_NUMBER_OBJECT_CONVERSION = YES_AGGRESSIVE;
				CLANG_CXX_LANGUAGE_STANDARD = "gnu++0x";
				CLANG_CXX_LIBRARY = "libc++";
				CLANG_ENABLE_MODULES = YES;
				CLANG_ENABLE_OBJC_ARC = YES;
				CLANG_WARN_BOOL_CONVERSION = YES;
				CLANG_WARN_CONSTANT_CONVERSION = YES;
				CLANG_WARN_DIRECT_OBJC_ISA_USAGE = YES_ERROR;
				CLANG_WARN_DOCUMENTATION_COMMENTS = YES;
				CLANG_WARN_EMPTY_BODY = YES;
				CLANG_WARN_ENUM_CONVERSION = YES;
				CLANG_WARN_INFINITE_RECURSION = YES;
				CLANG_WARN_INT_CONVERSION = YES;
				CLANG_WARN_OBJC_ROOT_CLASS = YES_ERROR;
				CLANG_WARN_SUSPICIOUS_MOVE = YES;
				CLANG_WARN_UNREACHABLE_CODE = YES;
				CLANG_WARN__DUPLICATE_METHOD_MATCH = YES;
				"CODE_SIGN_IDENTITY[sdk=iphoneos*]" = "iPhone Developer";
				COPY_PHASE_STRIP = NO;
				DEBUG_INFORMATION_FORMAT = "dwarf-with-dsym";
				ENABLE_NS_ASSERTIONS = NO;
				ENABLE_STRICT_OBJC_MSGSEND = YES;
				GCC_C_LANGUAGE_STANDARD = gnu99;
				GCC_NO_COMMON_BLOCKS = YES;
				GCC_WARN_64_TO_32_BIT_CONVERSION = YES;
				GCC_WARN_ABOUT_RETURN_TYPE = YES_ERROR;
				GCC_WARN_UNDECLARED_SELECTOR = YES;
				GCC_WARN_UNINITIALIZED_AUTOS = YES_AGGRESSIVE;
				GCC_WARN_UNUSED_FUNCTION = YES;
				GCC_WARN_UNUSED_VARIABLE = YES;
				IPHONEOS_DEPLOYMENT_TARGET = 10.3;
				MTL_ENABLE_DEBUG_INFO = NO;
				SDKROOT = iphoneos;
				TARGETED_DEVICE_FAMILY = "1,2";
				VALIDATE_PRODUCT = YES;
			};
			name = Release;
		};
		7FB3A1151EA55D610011BB65 /* Debug */ = {
			isa = XCBuildConfiguration;
			buildSettings = {
				ASSETCATALOG_COMPILER_APPICON_NAME = AppIcon;
				DEVELOPMENT_TEAM = 2E5N5854VJ;
				INFOPLIST_FILE = "Week-6-Lab/Info.plist";
				LD_RUNPATH_SEARCH_PATHS = "$(inherited) @executable_path/Frameworks";
				PRODUCT_BUNDLE_IDENTIFIER = "com.alexcahn.Week-6-Lab";
				PRODUCT_NAME = "$(TARGET_NAME)";
			};
			name = Debug;
		};
		7FB3A1161EA55D610011BB65 /* Release */ = {
			isa = XCBuildConfiguration;
			buildSettings = {
				ASSETCATALOG_COMPILER_APPICON_NAME = AppIcon;
				DEVELOPMENT_TEAM = 2E5N5854VJ;
				INFOPLIST_FILE = "Week-6-Lab/Info.plist";
				LD_RUNPATH_SEARCH_PATHS = "$(inherited) @executable_path/Frameworks";
				PRODUCT_BUNDLE_IDENTIFIER = "com.alexcahn.Week-6-Lab";
				PRODUCT_NAME = "$(TARGET_NAME)";
			};
			name = Release;
		};
/* End XCBuildConfiguration section */

/* Begin XCConfigurationList section */
		7FB3A0F81EA55D610011BB65 /* Build configuration list for PBXProject "Week-6-Lab" */ = {
			isa = XCConfigurationList;
			buildConfigurations = (
				7FB3A1121EA55D610011BB65 /* Debug */,
				7FB3A1131EA55D610011BB65 /* Release */,
			);
			defaultConfigurationIsVisible = 0;
			defaultConfigurationName = Release;
		};
		7FB3A1141EA55D610011BB65 /* Build configuration list for PBXNativeTarget "Week-6-Lab" */ = {
			isa = XCConfigurationList;
			buildConfigurations = (
				7FB3A1151EA55D610011BB65 /* Debug */,
				7FB3A1161EA55D610011BB65 /* Release */,
			);
			defaultConfigurationIsVisible = 0;
			defaultConfigurationName = Release;
		};
/* End XCConfigurationList section */
	};
	rootObject = 7FB3A0F51EA55D610011BB65 /* Project object */;
}
